// !$*UTF8*$!
{
	archiveVersion = 1;
	classes = {
	};
	objectVersion = 51;
	objects = {

/* Begin PBXBuildFile section */
		7020F141879B3FEA432D9E4A /* Pods_Chef_V2_Chef_V2UITests.framework in Frameworks */ = {isa = PBXBuildFile; fileRef = 30D36ABE8FF8213AC53A7A45 /* Pods_Chef_V2_Chef_V2UITests.framework */; };
		BABC1FF4AAC538CE334D94A3 /* Pods_Chef_V2Tests.framework in Frameworks */ = {isa = PBXBuildFile; fileRef = B679FEDAA138BAC051C4CCC5 /* Pods_Chef_V2Tests.framework */; };
		BC830F2D456BEA6EDD9C52FB /* Pods_Chef_V2.framework in Frameworks */ = {isa = PBXBuildFile; fileRef = 50C01892E433E558836F97E6 /* Pods_Chef_V2.framework */; };
		F606AFCA2511714A00458B66 /* RecipeView.swift in Sources */ = {isa = PBXBuildFile; fileRef = F606AFC92511714A00458B66 /* RecipeView.swift */; };
		F606AFCC251171F000458B66 /* ExploreView.swift in Sources */ = {isa = PBXBuildFile; fileRef = F606AFCB251171F000458B66 /* ExploreView.swift */; };
		F616910F250A2D4300A1C244 /* Chef_V2App.swift in Sources */ = {isa = PBXBuildFile; fileRef = F616910E250A2D4300A1C244 /* Chef_V2App.swift */; };
		F6169111250A2D4300A1C244 /* ContentView.swift in Sources */ = {isa = PBXBuildFile; fileRef = F6169110250A2D4300A1C244 /* ContentView.swift */; };
		F6169113250A2D4500A1C244 /* Assets.xcassets in Resources */ = {isa = PBXBuildFile; fileRef = F6169112250A2D4500A1C244 /* Assets.xcassets */; };
		F6169116250A2D4500A1C244 /* Preview Assets.xcassets in Resources */ = {isa = PBXBuildFile; fileRef = F6169115250A2D4500A1C244 /* Preview Assets.xcassets */; };
		F6169121250A2D4500A1C244 /* Chef_V2Tests.swift in Sources */ = {isa = PBXBuildFile; fileRef = F6169120250A2D4500A1C244 /* Chef_V2Tests.swift */; };
		F616912C250A2D4500A1C244 /* Chef_V2UITests.swift in Sources */ = {isa = PBXBuildFile; fileRef = F616912B250A2D4500A1C244 /* Chef_V2UITests.swift */; };
		F616913A250A2E3600A1C244 /* GoogleService-Info.plist in Resources */ = {isa = PBXBuildFile; fileRef = F6169139250A2E3600A1C244 /* GoogleService-Info.plist */; };
/* End PBXBuildFile section */

/* Begin PBXContainerItemProxy section */
		F616911D250A2D4500A1C244 /* PBXContainerItemProxy */ = {
			isa = PBXContainerItemProxy;
			containerPortal = F6169103250A2D4300A1C244 /* Project object */;
			proxyType = 1;
			remoteGlobalIDString = F616910A250A2D4300A1C244;
			remoteInfo = "Chef V2";
		};
		F6169128250A2D4500A1C244 /* PBXContainerItemProxy */ = {
			isa = PBXContainerItemProxy;
			containerPortal = F6169103250A2D4300A1C244 /* Project object */;
			proxyType = 1;
			remoteGlobalIDString = F616910A250A2D4300A1C244;
			remoteInfo = "Chef V2";
		};
/* End PBXContainerItemProxy section */

/* Begin PBXFileReference section */
		2C5B889C8956BF7D4265F4CF /* Pods-Chef V2-Chef V2UITests.release.xcconfig */ = {isa = PBXFileReference; includeInIndex = 1; lastKnownFileType = text.xcconfig; name = "Pods-Chef V2-Chef V2UITests.release.xcconfig"; path = "Target Support Files/Pods-Chef V2-Chef V2UITests/Pods-Chef V2-Chef V2UITests.release.xcconfig"; sourceTree = "<group>"; };
		30D36ABE8FF8213AC53A7A45 /* Pods_Chef_V2_Chef_V2UITests.framework */ = {isa = PBXFileReference; explicitFileType = wrapper.framework; includeInIndex = 0; path = Pods_Chef_V2_Chef_V2UITests.framework; sourceTree = BUILT_PRODUCTS_DIR; };
		4AD744F6128E80DBDC2F4C65 /* Pods-Chef V2Tests.debug.xcconfig */ = {isa = PBXFileReference; includeInIndex = 1; lastKnownFileType = text.xcconfig; name = "Pods-Chef V2Tests.debug.xcconfig"; path = "Target Support Files/Pods-Chef V2Tests/Pods-Chef V2Tests.debug.xcconfig"; sourceTree = "<group>"; };
		50C01892E433E558836F97E6 /* Pods_Chef_V2.framework */ = {isa = PBXFileReference; explicitFileType = wrapper.framework; includeInIndex = 0; path = Pods_Chef_V2.framework; sourceTree = BUILT_PRODUCTS_DIR; };
		8537C57F946A1B5F8AD4B0BD /* Pods-Chef V2.release.xcconfig */ = {isa = PBXFileReference; includeInIndex = 1; lastKnownFileType = text.xcconfig; name = "Pods-Chef V2.release.xcconfig"; path = "Target Support Files/Pods-Chef V2/Pods-Chef V2.release.xcconfig"; sourceTree = "<group>"; };
		8811784376570B29040B9E13 /* Pods-Chef V2Tests.release.xcconfig */ = {isa = PBXFileReference; includeInIndex = 1; lastKnownFileType = text.xcconfig; name = "Pods-Chef V2Tests.release.xcconfig"; path = "Target Support Files/Pods-Chef V2Tests/Pods-Chef V2Tests.release.xcconfig"; sourceTree = "<group>"; };
		95844C540419E26F039DCC8C /* Pods-Chef V2-Chef V2UITests.debug.xcconfig */ = {isa = PBXFileReference; includeInIndex = 1; lastKnownFileType = text.xcconfig; name = "Pods-Chef V2-Chef V2UITests.debug.xcconfig"; path = "Target Support Files/Pods-Chef V2-Chef V2UITests/Pods-Chef V2-Chef V2UITests.debug.xcconfig"; sourceTree = "<group>"; };
		B679FEDAA138BAC051C4CCC5 /* Pods_Chef_V2Tests.framework */ = {isa = PBXFileReference; explicitFileType = wrapper.framework; includeInIndex = 0; path = Pods_Chef_V2Tests.framework; sourceTree = BUILT_PRODUCTS_DIR; };
		F606AFC92511714A00458B66 /* RecipeView.swift */ = {isa = PBXFileReference; lastKnownFileType = sourcecode.swift; path = RecipeView.swift; sourceTree = "<group>"; };
		F606AFCB251171F000458B66 /* ExploreView.swift */ = {isa = PBXFileReference; lastKnownFileType = sourcecode.swift; path = ExploreView.swift; sourceTree = "<group>"; };
		F616910B250A2D4300A1C244 /* Chef V2.app */ = {isa = PBXFileReference; explicitFileType = wrapper.application; includeInIndex = 0; path = "Chef V2.app"; sourceTree = BUILT_PRODUCTS_DIR; };
		F616910E250A2D4300A1C244 /* Chef_V2App.swift */ = {isa = PBXFileReference; lastKnownFileType = sourcecode.swift; path = Chef_V2App.swift; sourceTree = "<group>"; };
		F6169110250A2D4300A1C244 /* ContentView.swift */ = {isa = PBXFileReference; lastKnownFileType = sourcecode.swift; path = ContentView.swift; sourceTree = "<group>"; };
		F6169112250A2D4500A1C244 /* Assets.xcassets */ = {isa = PBXFileReference; lastKnownFileType = folder.assetcatalog; path = Assets.xcassets; sourceTree = "<group>"; };
		F6169115250A2D4500A1C244 /* Preview Assets.xcassets */ = {isa = PBXFileReference; lastKnownFileType = folder.assetcatalog; path = "Preview Assets.xcassets"; sourceTree = "<group>"; };
		F6169117250A2D4500A1C244 /* Info.plist */ = {isa = PBXFileReference; lastKnownFileType = text.plist.xml; path = Info.plist; sourceTree = "<group>"; };
		F616911C250A2D4500A1C244 /* Chef V2Tests.xctest */ = {isa = PBXFileReference; explicitFileType = wrapper.cfbundle; includeInIndex = 0; path = "Chef V2Tests.xctest"; sourceTree = BUILT_PRODUCTS_DIR; };
		F6169120250A2D4500A1C244 /* Chef_V2Tests.swift */ = {isa = PBXFileReference; lastKnownFileType = sourcecode.swift; path = Chef_V2Tests.swift; sourceTree = "<group>"; };
		F6169122250A2D4500A1C244 /* Info.plist */ = {isa = PBXFileReference; lastKnownFileType = text.plist.xml; path = Info.plist; sourceTree = "<group>"; };
		F6169127250A2D4500A1C244 /* Chef V2UITests.xctest */ = {isa = PBXFileReference; explicitFileType = wrapper.cfbundle; includeInIndex = 0; path = "Chef V2UITests.xctest"; sourceTree = BUILT_PRODUCTS_DIR; };
		F616912B250A2D4500A1C244 /* Chef_V2UITests.swift */ = {isa = PBXFileReference; lastKnownFileType = sourcecode.swift; path = Chef_V2UITests.swift; sourceTree = "<group>"; };
		F616912D250A2D4500A1C244 /* Info.plist */ = {isa = PBXFileReference; lastKnownFileType = text.plist.xml; path = Info.plist; sourceTree = "<group>"; };
		F6169139250A2E3600A1C244 /* GoogleService-Info.plist */ = {isa = PBXFileReference; fileEncoding = 4; lastKnownFileType = text.plist.xml; name = "GoogleService-Info.plist"; path = "../../../../../../../Users/Lewis/Downloads/GoogleService-Info.plist"; sourceTree = "<group>"; };
		FC1968424366EC0223C56D8E /* Pods-Chef V2.debug.xcconfig */ = {isa = PBXFileReference; includeInIndex = 1; lastKnownFileType = text.xcconfig; name = "Pods-Chef V2.debug.xcconfig"; path = "Target Support Files/Pods-Chef V2/Pods-Chef V2.debug.xcconfig"; sourceTree = "<group>"; };
/* End PBXFileReference section */

/* Begin PBXFrameworksBuildPhase section */
		F6169108250A2D4300A1C244 /* Frameworks */ = {
			isa = PBXFrameworksBuildPhase;
			buildActionMask = 2147483647;
			files = (
				BC830F2D456BEA6EDD9C52FB /* Pods_Chef_V2.framework in Frameworks */,
			);
			runOnlyForDeploymentPostprocessing = 0;
		};
		F6169119250A2D4500A1C244 /* Frameworks */ = {
			isa = PBXFrameworksBuildPhase;
			buildActionMask = 2147483647;
			files = (
				BABC1FF4AAC538CE334D94A3 /* Pods_Chef_V2Tests.framework in Frameworks */,
			);
			runOnlyForDeploymentPostprocessing = 0;
		};
		F6169124250A2D4500A1C244 /* Frameworks */ = {
			isa = PBXFrameworksBuildPhase;
			buildActionMask = 2147483647;
			files = (
				7020F141879B3FEA432D9E4A /* Pods_Chef_V2_Chef_V2UITests.framework in Frameworks */,
			);
			runOnlyForDeploymentPostprocessing = 0;
		};
/* End PBXFrameworksBuildPhase section */

/* Begin PBXGroup section */
		388248FC8BF0B1022FD49E3E /* Frameworks */ = {
			isa = PBXGroup;
			children = (
				50C01892E433E558836F97E6 /* Pods_Chef_V2.framework */,
				30D36ABE8FF8213AC53A7A45 /* Pods_Chef_V2_Chef_V2UITests.framework */,
				B679FEDAA138BAC051C4CCC5 /* Pods_Chef_V2Tests.framework */,
			);
			name = Frameworks;
			sourceTree = "<group>";
		};
		E19F13DC43E3E52CC8214448 /* Pods */ = {
			isa = PBXGroup;
			children = (
				FC1968424366EC0223C56D8E /* Pods-Chef V2.debug.xcconfig */,
				8537C57F946A1B5F8AD4B0BD /* Pods-Chef V2.release.xcconfig */,
				95844C540419E26F039DCC8C /* Pods-Chef V2-Chef V2UITests.debug.xcconfig */,
				2C5B889C8956BF7D4265F4CF /* Pods-Chef V2-Chef V2UITests.release.xcconfig */,
				4AD744F6128E80DBDC2F4C65 /* Pods-Chef V2Tests.debug.xcconfig */,
				8811784376570B29040B9E13 /* Pods-Chef V2Tests.release.xcconfig */,
			);
			path = Pods;
			sourceTree = "<group>";
		};
		F6169102250A2D4300A1C244 = {
			isa = PBXGroup;
			children = (
				F616910D250A2D4300A1C244 /* Chef V2 */,
				F616911F250A2D4500A1C244 /* Chef V2Tests */,
				F616912A250A2D4500A1C244 /* Chef V2UITests */,
				F616910C250A2D4300A1C244 /* Products */,
				E19F13DC43E3E52CC8214448 /* Pods */,
				388248FC8BF0B1022FD49E3E /* Frameworks */,
			);
			sourceTree = "<group>";
		};
		F616910C250A2D4300A1C244 /* Products */ = {
			isa = PBXGroup;
			children = (
				F616910B250A2D4300A1C244 /* Chef V2.app */,
				F616911C250A2D4500A1C244 /* Chef V2Tests.xctest */,
				F6169127250A2D4500A1C244 /* Chef V2UITests.xctest */,
			);
			name = Products;
			sourceTree = "<group>";
		};
		F616910D250A2D4300A1C244 /* Chef V2 */ = {
			isa = PBXGroup;
			children = (
				F6169139250A2E3600A1C244 /* GoogleService-Info.plist */,
				F616910E250A2D4300A1C244 /* Chef_V2App.swift */,
				F6169110250A2D4300A1C244 /* ContentView.swift */,
				F606AFC92511714A00458B66 /* RecipeView.swift */,
				F606AFCB251171F000458B66 /* ExploreView.swift */,
				F6169112250A2D4500A1C244 /* Assets.xcassets */,
				F6169117250A2D4500A1C244 /* Info.plist */,
				F6169114250A2D4500A1C244 /* Preview Content */,
			);
			path = "Chef V2";
			sourceTree = "<group>";
		};
		F6169114250A2D4500A1C244 /* Preview Content */ = {
			isa = PBXGroup;
			children = (
				F6169115250A2D4500A1C244 /* Preview Assets.xcassets */,
			);
			path = "Preview Content";
			sourceTree = "<group>";
		};
		F616911F250A2D4500A1C244 /* Chef V2Tests */ = {
			isa = PBXGroup;
			children = (
				F6169120250A2D4500A1C244 /* Chef_V2Tests.swift */,
				F6169122250A2D4500A1C244 /* Info.plist */,
			);
			path = "Chef V2Tests";
			sourceTree = "<group>";
		};
		F616912A250A2D4500A1C244 /* Chef V2UITests */ = {
			isa = PBXGroup;
			children = (
				F616912B250A2D4500A1C244 /* Chef_V2UITests.swift */,
				F616912D250A2D4500A1C244 /* Info.plist */,
			);
			path = "Chef V2UITests";
			sourceTree = "<group>";
		};
/* End PBXGroup section */

/* Begin PBXNativeTarget section */
		F616910A250A2D4300A1C244 /* Chef V2 */ = {
			isa = PBXNativeTarget;
			buildConfigurationList = F6169130250A2D4500A1C244 /* Build configuration list for PBXNativeTarget "Chef V2" */;
			buildPhases = (
				96454DEB0A3FFF71F0C27323 /* [CP] Check Pods Manifest.lock */,
				F6169107250A2D4300A1C244 /* Sources */,
				F6169108250A2D4300A1C244 /* Frameworks */,
				F6169109250A2D4300A1C244 /* Resources */,
				859EF0042C2F969584626FF0 /* [CP] Embed Pods Frameworks */,
			);
			buildRules = (
			);
			dependencies = (
			);
			name = "Chef V2";
			productName = "Chef V2";
			productReference = F616910B250A2D4300A1C244 /* Chef V2.app */;
			productType = "com.apple.product-type.application";
		};
		F616911B250A2D4500A1C244 /* Chef V2Tests */ = {
			isa = PBXNativeTarget;
			buildConfigurationList = F6169133250A2D4500A1C244 /* Build configuration list for PBXNativeTarget "Chef V2Tests" */;
			buildPhases = (
				2BE6AF5410856E7539BE9E4F /* [CP] Check Pods Manifest.lock */,
				F6169118250A2D4500A1C244 /* Sources */,
				F6169119250A2D4500A1C244 /* Frameworks */,
				F616911A250A2D4500A1C244 /* Resources */,
			);
			buildRules = (
			);
			dependencies = (
				F616911E250A2D4500A1C244 /* PBXTargetDependency */,
			);
			name = "Chef V2Tests";
			productName = "Chef V2Tests";
			productReference = F616911C250A2D4500A1C244 /* Chef V2Tests.xctest */;
			productType = "com.apple.product-type.bundle.unit-test";
		};
		F6169126250A2D4500A1C244 /* Chef V2UITests */ = {
			isa = PBXNativeTarget;
			buildConfigurationList = F6169136250A2D4500A1C244 /* Build configuration list for PBXNativeTarget "Chef V2UITests" */;
			buildPhases = (
				11BC51D46C19AE6838746D3A /* [CP] Check Pods Manifest.lock */,
				F6169123250A2D4500A1C244 /* Sources */,
				F6169124250A2D4500A1C244 /* Frameworks */,
				F6169125250A2D4500A1C244 /* Resources */,
				020687E1B536BF21E428511E /* [CP] Embed Pods Frameworks */,
			);
			buildRules = (
			);
			dependencies = (
				F6169129250A2D4500A1C244 /* PBXTargetDependency */,
			);
			name = "Chef V2UITests";
			productName = "Chef V2UITests";
			productReference = F6169127250A2D4500A1C244 /* Chef V2UITests.xctest */;
			productType = "com.apple.product-type.bundle.ui-testing";
		};
/* End PBXNativeTarget section */

/* Begin PBXProject section */
		F6169103250A2D4300A1C244 /* Project object */ = {
			isa = PBXProject;
			attributes = {
				LastSwiftUpdateCheck = 1200;
				LastUpgradeCheck = 1200;
				TargetAttributes = {
					F616910A250A2D4300A1C244 = {
						CreatedOnToolsVersion = 12.0;
					};
					F616911B250A2D4500A1C244 = {
						CreatedOnToolsVersion = 12.0;
						TestTargetID = F616910A250A2D4300A1C244;
					};
					F6169126250A2D4500A1C244 = {
						CreatedOnToolsVersion = 12.0;
						TestTargetID = F616910A250A2D4300A1C244;
					};
				};
			};
			buildConfigurationList = F6169106250A2D4300A1C244 /* Build configuration list for PBXProject "Chef V2" */;
			compatibilityVersion = "Xcode 9.3";
			developmentRegion = en;
			hasScannedForEncodings = 0;
			knownRegions = (
				en,
				Base,
			);
			mainGroup = F6169102250A2D4300A1C244;
			productRefGroup = F616910C250A2D4300A1C244 /* Products */;
			projectDirPath = "";
			projectRoot = "";
			targets = (
				F616910A250A2D4300A1C244 /* Chef V2 */,
				F616911B250A2D4500A1C244 /* Chef V2Tests */,
				F6169126250A2D4500A1C244 /* Chef V2UITests */,
			);
		};
/* End PBXProject section */

/* Begin PBXResourcesBuildPhase section */
		F6169109250A2D4300A1C244 /* Resources */ = {
			isa = PBXResourcesBuildPhase;
			buildActionMask = 2147483647;
			files = (
				F6169116250A2D4500A1C244 /* Preview Assets.xcassets in Resources */,
				F6169113250A2D4500A1C244 /* Assets.xcassets in Resources */,
				F616913A250A2E3600A1C244 /* GoogleService-Info.plist in Resources */,
			);
			runOnlyForDeploymentPostprocessing = 0;
		};
		F616911A250A2D4500A1C244 /* Resources */ = {
			isa = PBXResourcesBuildPhase;
			buildActionMask = 2147483647;
			files = (
			);
			runOnlyForDeploymentPostprocessing = 0;
		};
		F6169125250A2D4500A1C244 /* Resources */ = {
			isa = PBXResourcesBuildPhase;
			buildActionMask = 2147483647;
			files = (
			);
			runOnlyForDeploymentPostprocessing = 0;
		};
/* End PBXResourcesBuildPhase section */

/* Begin PBXShellScriptBuildPhase section */
		020687E1B536BF21E428511E /* [CP] Embed Pods Frameworks */ = {
			isa = PBXShellScriptBuildPhase;
			buildActionMask = 2147483647;
			files = (
			);
			inputFileListPaths = (
				"${PODS_ROOT}/Target Support Files/Pods-Chef V2-Chef V2UITests/Pods-Chef V2-Chef V2UITests-frameworks-${CONFIGURATION}-input-files.xcfilelist",
			);
			name = "[CP] Embed Pods Frameworks";
			outputFileListPaths = (
				"${PODS_ROOT}/Target Support Files/Pods-Chef V2-Chef V2UITests/Pods-Chef V2-Chef V2UITests-frameworks-${CONFIGURATION}-output-files.xcfilelist",
			);
			runOnlyForDeploymentPostprocessing = 0;
			shellPath = /bin/sh;
			shellScript = "\"${PODS_ROOT}/Target Support Files/Pods-Chef V2-Chef V2UITests/Pods-Chef V2-Chef V2UITests-frameworks.sh\"\n";
			showEnvVarsInLog = 0;
		};
		11BC51D46C19AE6838746D3A /* [CP] Check Pods Manifest.lock */ = {
			isa = PBXShellScriptBuildPhase;
			buildActionMask = 2147483647;
			files = (
			);
			inputFileListPaths = (
			);
			inputPaths = (
				"${PODS_PODFILE_DIR_PATH}/Podfile.lock",
				"${PODS_ROOT}/Manifest.lock",
			);
			name = "[CP] Check Pods Manifest.lock";
			outputFileListPaths = (
			);
			outputPaths = (
				"$(DERIVED_FILE_DIR)/Pods-Chef V2-Chef V2UITests-checkManifestLockResult.txt",
			);
			runOnlyForDeploymentPostprocessing = 0;
			shellPath = /bin/sh;
			shellScript = "diff \"${PODS_PODFILE_DIR_PATH}/Podfile.lock\" \"${PODS_ROOT}/Manifest.lock\" > /dev/null\nif [ $? != 0 ] ; then\n    # print error to STDERR\n    echo \"error: The sandbox is not in sync with the Podfile.lock. Run 'pod install' or update your CocoaPods installation.\" >&2\n    exit 1\nfi\n# This output is used by Xcode 'outputs' to avoid re-running this script phase.\necho \"SUCCESS\" > \"${SCRIPT_OUTPUT_FILE_0}\"\n";
			showEnvVarsInLog = 0;
		};
		2BE6AF5410856E7539BE9E4F /* [CP] Check Pods Manifest.lock */ = {
			isa = PBXShellScriptBuildPhase;
			buildActionMask = 2147483647;
			files = (
			);
			inputFileListPaths = (
			);
			inputPaths = (
				"${PODS_PODFILE_DIR_PATH}/Podfile.lock",
				"${PODS_ROOT}/Manifest.lock",
			);
			name = "[CP] Check Pods Manifest.lock";
			outputFileListPaths = (
			);
			outputPaths = (
				"$(DERIVED_FILE_DIR)/Pods-Chef V2Tests-checkManifestLockResult.txt",
			);
			runOnlyForDeploymentPostprocessing = 0;
			shellPath = /bin/sh;
			shellScript = "diff \"${PODS_PODFILE_DIR_PATH}/Podfile.lock\" \"${PODS_ROOT}/Manifest.lock\" > /dev/null\nif [ $? != 0 ] ; then\n    # print error to STDERR\n    echo \"error: The sandbox is not in sync with the Podfile.lock. Run 'pod install' or update your CocoaPods installation.\" >&2\n    exit 1\nfi\n# This output is used by Xcode 'outputs' to avoid re-running this script phase.\necho \"SUCCESS\" > \"${SCRIPT_OUTPUT_FILE_0}\"\n";
			showEnvVarsInLog = 0;
		};
		859EF0042C2F969584626FF0 /* [CP] Embed Pods Frameworks */ = {
			isa = PBXShellScriptBuildPhase;
			buildActionMask = 2147483647;
			files = (
			);
			inputFileListPaths = (
				"${PODS_ROOT}/Target Support Files/Pods-Chef V2/Pods-Chef V2-frameworks-${CONFIGURATION}-input-files.xcfilelist",
			);
			name = "[CP] Embed Pods Frameworks";
			outputFileListPaths = (
				"${PODS_ROOT}/Target Support Files/Pods-Chef V2/Pods-Chef V2-frameworks-${CONFIGURATION}-output-files.xcfilelist",
			);
			runOnlyForDeploymentPostprocessing = 0;
			shellPath = /bin/sh;
			shellScript = "\"${PODS_ROOT}/Target Support Files/Pods-Chef V2/Pods-Chef V2-frameworks.sh\"\n";
			showEnvVarsInLog = 0;
		};
		96454DEB0A3FFF71F0C27323 /* [CP] Check Pods Manifest.lock */ = {
			isa = PBXShellScriptBuildPhase;
			buildActionMask = 2147483647;
			files = (
			);
			inputFileListPaths = (
			);
			inputPaths = (
				"${PODS_PODFILE_DIR_PATH}/Podfile.lock",
				"${PODS_ROOT}/Manifest.lock",
			);
			name = "[CP] Check Pods Manifest.lock";
			outputFileListPaths = (
			);
			outputPaths = (
				"$(DERIVED_FILE_DIR)/Pods-Chef V2-checkManifestLockResult.txt",
			);
			runOnlyForDeploymentPostprocessing = 0;
			shellPath = /bin/sh;
			shellScript = "diff \"${PODS_PODFILE_DIR_PATH}/Podfile.lock\" \"${PODS_ROOT}/Manifest.lock\" > /dev/null\nif [ $? != 0 ] ; then\n    # print error to STDERR\n    echo \"error: The sandbox is not in sync with the Podfile.lock. Run 'pod install' or update your CocoaPods installation.\" >&2\n    exit 1\nfi\n# This output is used by Xcode 'outputs' to avoid re-running this script phase.\necho \"SUCCESS\" > \"${SCRIPT_OUTPUT_FILE_0}\"\n";
			showEnvVarsInLog = 0;
		};
/* End PBXShellScriptBuildPhase section */

/* Begin PBXSourcesBuildPhase section */
		F6169107250A2D4300A1C244 /* Sources */ = {
			isa = PBXSourcesBuildPhase;
			buildActionMask = 2147483647;
			files = (
				F606AFCA2511714A00458B66 /* RecipeView.swift in Sources */,
				F6169111250A2D4300A1C244 /* ContentView.swift in Sources */,
				F606AFCC251171F000458B66 /* ExploreView.swift in Sources */,
				F616910F250A2D4300A1C244 /* Chef_V2App.swift in Sources */,
			);
			runOnlyForDeploymentPostprocessing = 0;
		};
		F6169118250A2D4500A1C244 /* Sources */ = {
			isa = PBXSourcesBuildPhase;
			buildActionMask = 2147483647;
			files = (
				F6169121250A2D4500A1C244 /* Chef_V2Tests.swift in Sources */,
			);
			runOnlyForDeploymentPostprocessing = 0;
		};
		F6169123250A2D4500A1C244 /* Sources */ = {
			isa = PBXSourcesBuildPhase;
			buildActionMask = 2147483647;
			files = (
				F616912C250A2D4500A1C244 /* Chef_V2UITests.swift in Sources */,
			);
			runOnlyForDeploymentPostprocessing = 0;
		};
/* End PBXSourcesBuildPhase section */

/* Begin PBXTargetDependency section */
		F616911E250A2D4500A1C244 /* PBXTargetDependency */ = {
			isa = PBXTargetDependency;
			target = F616910A250A2D4300A1C244 /* Chef V2 */;
			targetProxy = F616911D250A2D4500A1C244 /* PBXContainerItemProxy */;
		};
		F6169129250A2D4500A1C244 /* PBXTargetDependency */ = {
			isa = PBXTargetDependency;
			target = F616910A250A2D4300A1C244 /* Chef V2 */;
			targetProxy = F6169128250A2D4500A1C244 /* PBXContainerItemProxy */;
		};
/* End PBXTargetDependency section */

/* Begin XCBuildConfiguration section */
		F616912E250A2D4500A1C244 /* Debug */ = {
			isa = XCBuildConfiguration;
			buildSettings = {
				ALWAYS_SEARCH_USER_PATHS = NO;
				CLANG_ANALYZER_NONNULL = YES;
				CLANG_ANALYZER_NUMBER_OBJECT_CONVERSION = YES_AGGRESSIVE;
				CLANG_CXX_LANGUAGE_STANDARD = "gnu++14";
				CLANG_CXX_LIBRARY = "libc++";
				CLANG_ENABLE_MODULES = YES;
				CLANG_ENABLE_OBJC_ARC = YES;
				CLANG_ENABLE_OBJC_WEAK = YES;
				CLANG_WARN_BLOCK_CAPTURE_AUTORELEASING = YES;
				CLANG_WARN_BOOL_CONVERSION = YES;
				CLANG_WARN_COMMA = YES;
				CLANG_WARN_CONSTANT_CONVERSION = YES;
				CLANG_WARN_DEPRECATED_OBJC_IMPLEMENTATIONS = YES;
				CLANG_WARN_DIRECT_OBJC_ISA_USAGE = YES_ERROR;
				CLANG_WARN_DOCUMENTATION_COMMENTS = YES;
				CLANG_WARN_EMPTY_BODY = YES;
				CLANG_WARN_ENUM_CONVERSION = YES;
				CLANG_WARN_INFINITE_RECURSION = YES;
				CLANG_WARN_INT_CONVERSION = YES;
				CLANG_WARN_NON_LITERAL_NULL_CONVERSION = YES;
				CLANG_WARN_OBJC_IMPLICIT_RETAIN_SELF = YES;
				CLANG_WARN_OBJC_LITERAL_CONVERSION = YES;
				CLANG_WARN_OBJC_ROOT_CLASS = YES_ERROR;
				CLANG_WARN_QUOTED_INCLUDE_IN_FRAMEWORK_HEADER = YES;
				CLANG_WARN_RANGE_LOOP_ANALYSIS = YES;
				CLANG_WARN_STRICT_PROTOTYPES = YES;
				CLANG_WARN_SUSPICIOUS_MOVE = YES;
				CLANG_WARN_UNGUARDED_AVAILABILITY = YES_AGGRESSIVE;
				CLANG_WARN_UNREACHABLE_CODE = YES;
				CLANG_WARN__DUPLICATE_METHOD_MATCH = YES;
				COPY_PHASE_STRIP = NO;
				DEBUG_INFORMATION_FORMAT = dwarf;
				ENABLE_STRICT_OBJC_MSGSEND = YES;
				ENABLE_TESTABILITY = YES;
				GCC_C_LANGUAGE_STANDARD = gnu11;
				GCC_DYNAMIC_NO_PIC = NO;
				GCC_NO_COMMON_BLOCKS = YES;
				GCC_OPTIMIZATION_LEVEL = 0;
				GCC_PREPROCESSOR_DEFINITIONS = (
					"DEBUG=1",
					"$(inherited)",
				);
				GCC_WARN_64_TO_32_BIT_CONVERSION = YES;
				GCC_WARN_ABOUT_RETURN_TYPE = YES_ERROR;
				GCC_WARN_UNDECLARED_SELECTOR = YES;
				GCC_WARN_UNINITIALIZED_AUTOS = YES_AGGRESSIVE;
				GCC_WARN_UNUSED_FUNCTION = YES;
				GCC_WARN_UNUSED_VARIABLE = YES;
				IPHONEOS_DEPLOYMENT_TARGET = 14.0;
				MTL_ENABLE_DEBUG_INFO = INCLUDE_SOURCE;
				MTL_FAST_MATH = YES;
				ONLY_ACTIVE_ARCH = YES;
				SDKROOT = iphoneos;
				SWIFT_ACTIVE_COMPILATION_CONDITIONS = DEBUG;
				SWIFT_OPTIMIZATION_LEVEL = "-Onone";
			};
			name = Debug;
		};
		F616912F250A2D4500A1C244 /* Release */ = {
			isa = XCBuildConfiguration;
			buildSettings = {
				ALWAYS_SEARCH_USER_PATHS = NO;
				CLANG_ANALYZER_NONNULL = YES;
				CLANG_ANALYZER_NUMBER_OBJECT_CONVERSION = YES_AGGRESSIVE;
				CLANG_CXX_LANGUAGE_STANDARD = "gnu++14";
				CLANG_CXX_LIBRARY = "libc++";
				CLANG_ENABLE_MODULES = YES;
				CLANG_ENABLE_OBJC_ARC = YES;
				CLANG_ENABLE_OBJC_WEAK = YES;
				CLANG_WARN_BLOCK_CAPTURE_AUTORELEASING = YES;
				CLANG_WARN_BOOL_CONVERSION = YES;
				CLANG_WARN_COMMA = YES;
				CLANG_WARN_CONSTANT_CONVERSION = YES;
				CLANG_WARN_DEPRECATED_OBJC_IMPLEMENTATIONS = YES;
				CLANG_WARN_DIRECT_OBJC_ISA_USAGE = YES_ERROR;
				CLANG_WARN_DOCUMENTATION_COMMENTS = YES;
				CLANG_WARN_EMPTY_BODY = YES;
				CLANG_WARN_ENUM_CONVERSION = YES;
				CLANG_WARN_INFINITE_RECURSION = YES;
				CLANG_WARN_INT_CONVERSION = YES;
				CLANG_WARN_NON_LITERAL_NULL_CONVERSION = YES;
				CLANG_WARN_OBJC_IMPLICIT_RETAIN_SELF = YES;
				CLANG_WARN_OBJC_LITERAL_CONVERSION = YES;
				CLANG_WARN_OBJC_ROOT_CLASS = YES_ERROR;
				CLANG_WARN_QUOTED_INCLUDE_IN_FRAMEWORK_HEADER = YES;
				CLANG_WARN_RANGE_LOOP_ANALYSIS = YES;
				CLANG_WARN_STRICT_PROTOTYPES = YES;
				CLANG_WARN_SUSPICIOUS_MOVE = YES;
				CLANG_WARN_UNGUARDED_AVAILABILITY = YES_AGGRESSIVE;
				CLANG_WARN_UNREACHABLE_CODE = YES;
				CLANG_WARN__DUPLICATE_METHOD_MATCH = YES;
				COPY_PHASE_STRIP = NO;
				DEBUG_INFORMATION_FORMAT = "dwarf-with-dsym";
				ENABLE_NS_ASSERTIONS = NO;
				ENABLE_STRICT_OBJC_MSGSEND = YES;
				GCC_C_LANGUAGE_STANDARD = gnu11;
				GCC_NO_COMMON_BLOCKS = YES;
				GCC_WARN_64_TO_32_BIT_CONVERSION = YES;
				GCC_WARN_ABOUT_RETURN_TYPE = YES_ERROR;
				GCC_WARN_UNDECLARED_SELECTOR = YES;
				GCC_WARN_UNINITIALIZED_AUTOS = YES_AGGRESSIVE;
				GCC_WARN_UNUSED_FUNCTION = YES;
				GCC_WARN_UNUSED_VARIABLE = YES;
				IPHONEOS_DEPLOYMENT_TARGET = 14.0;
				MTL_ENABLE_DEBUG_INFO = NO;
				MTL_FAST_MATH = YES;
				SDKROOT = iphoneos;
				SWIFT_COMPILATION_MODE = wholemodule;
				SWIFT_OPTIMIZATION_LEVEL = "-O";
				VALIDATE_PRODUCT = YES;
			};
			name = Release;
		};
		F6169131250A2D4500A1C244 /* Debug */ = {
			isa = XCBuildConfiguration;
			baseConfigurationReference = FC1968424366EC0223C56D8E /* Pods-Chef V2.debug.xcconfig */;
			buildSettings = {
				ASSETCATALOG_COMPILER_APPICON_NAME = AppIcon;
				ASSETCATALOG_COMPILER_GLOBAL_ACCENT_COLOR_NAME = AccentColor;
				CODE_SIGN_STYLE = Automatic;
				DEVELOPMENT_ASSET_PATHS = "\"Chef V2/Preview Content\"";
				DEVELOPMENT_TEAM = 2Y6435C9H7;
				ENABLE_PREVIEWS = YES;
				INFOPLIST_FILE = "Chef V2/Info.plist";
				IPHONEOS_DEPLOYMENT_TARGET = 14.0;
				LD_RUNPATH_SEARCH_PATHS = (
					"$(inherited)",
					"@executable_path/Frameworks",
				);
				PRODUCT_BUNDLE_IDENTIFIER = "com.luis.Chef-V2";
				PRODUCT_NAME = "$(TARGET_NAME)";
				SWIFT_OBJC_BRIDGING_HEADER = "";
				SWIFT_VERSION = 5.0;
				TARGETED_DEVICE_FAMILY = "1,2";
			};
			name = Debug;
		};
		F6169132250A2D4500A1C244 /* Release */ = {
			isa = XCBuildConfiguration;
			baseConfigurationReference = 8537C57F946A1B5F8AD4B0BD /* Pods-Chef V2.release.xcconfig */;
			buildSettings = {
				ASSETCATALOG_COMPILER_APPICON_NAME = AppIcon;
				ASSETCATALOG_COMPILER_GLOBAL_ACCENT_COLOR_NAME = AccentColor;
				CODE_SIGN_STYLE = Automatic;
				DEVELOPMENT_ASSET_PATHS = "\"Chef V2/Preview Content\"";
				DEVELOPMENT_TEAM = 2Y6435C9H7;
				ENABLE_PREVIEWS = YES;
				INFOPLIST_FILE = "Chef V2/Info.plist";
				IPHONEOS_DEPLOYMENT_TARGET = 14.0;
				LD_RUNPATH_SEARCH_PATHS = (
					"$(inherited)",
					"@executable_path/Frameworks",
				);
				PRODUCT_BUNDLE_IDENTIFIER = "com.luis.Chef-V2";
				PRODUCT_NAME = "$(TARGET_NAME)";
				SWIFT_OBJC_BRIDGING_HEADER = "";
				SWIFT_VERSION = 5.0;
				TARGETED_DEVICE_FAMILY = "1,2";
			};
			name = Release;
		};
		F6169134250A2D4500A1C244 /* Debug */ = {
			isa = XCBuildConfiguration;
			baseConfigurationReference = 4AD744F6128E80DBDC2F4C65 /* Pods-Chef V2Tests.debug.xcconfig */;
			buildSettings = {
				ALWAYS_EMBED_SWIFT_STANDARD_LIBRARIES = YES;
				BUNDLE_LOADER = "$(TEST_HOST)";
				CODE_SIGN_STYLE = Automatic;
				DEVELOPMENT_TEAM = 2Y6435C9H7;
				INFOPLIST_FILE = "Chef V2Tests/Info.plist";
				IPHONEOS_DEPLOYMENT_TARGET = 14.0;
				LD_RUNPATH_SEARCH_PATHS = (
					"$(inherited)",
					"@executable_path/Frameworks",
					"@loader_path/Frameworks",
				);
				PRODUCT_BUNDLE_IDENTIFIER = "com.luis.Chef-V2Tests";
				PRODUCT_NAME = "$(TARGET_NAME)";
				SWIFT_VERSION = 5.0;
				TARGETED_DEVICE_FAMILY = "1,2";
				TEST_HOST = "$(BUILT_PRODUCTS_DIR)/Chef V2.app/Chef V2";
			};
			name = Debug;
		};
		F6169135250A2D4500A1C244 /* Release */ = {
			isa = XCBuildConfiguration;
			baseConfigurationReference = 8811784376570B29040B9E13 /* Pods-Chef V2Tests.release.xcconfig */;
			buildSettings = {
				ALWAYS_EMBED_SWIFT_STANDARD_LIBRARIES = YES;
				BUNDLE_LOADER = "$(TEST_HOST)";
				CODE_SIGN_STYLE = Automatic;
				DEVELOPMENT_TEAM = 2Y6435C9H7;
				INFOPLIST_FILE = "Chef V2Tests/Info.plist";
				IPHONEOS_DEPLOYMENT_TARGET = 14.0;
				LD_RUNPATH_SEARCH_PATHS = (
					"$(inherited)",
					"@executable_path/Frameworks",
					"@loader_path/Frameworks",
				);
				PRODUCT_BUNDLE_IDENTIFIER = "com.luis.Chef-V2Tests";
				PRODUCT_NAME = "$(TARGET_NAME)";
				SWIFT_VERSION = 5.0;
				TARGETED_DEVICE_FAMILY = "1,2";
				TEST_HOST = "$(BUILT_PRODUCTS_DIR)/Chef V2.app/Chef V2";
			};
			name = Release;
		};
		F6169137250A2D4500A1C244 /* Debug */ = {
			isa = XCBuildConfiguration;
			baseConfigurationReference = 95844C540419E26F039DCC8C /* Pods-Chef V2-Chef V2UITests.debug.xcconfig */;
			buildSettings = {
				ALWAYS_EMBED_SWIFT_STANDARD_LIBRARIES = YES;
				CODE_SIGN_STYLE = Automatic;
				DEVELOPMENT_TEAM = 2Y6435C9H7;
				INFOPLIST_FILE = "Chef V2UITests/Info.plist";
				LD_RUNPATH_SEARCH_PATHS = (
					"$(inherited)",
					"@executable_path/Frameworks",
					"@loader_path/Frameworks",
				);
				PRODUCT_BUNDLE_IDENTIFIER = "com.luis.Chef-V2UITests";
				PRODUCT_NAME = "$(TARGET_NAME)";
				SWIFT_VERSION = 5.0;
				TARGETED_DEVICE_FAMILY = "1,2";
				TEST_TARGET_NAME = "Chef V2";
			};
			name = Debug;
		};
		F6169138250A2D4500A1C244 /* Release */ = {
			isa = XCBuildConfiguration;
			baseConfigurationReference = 2C5B889C8956BF7D4265F4CF /* Pods-Chef V2-Chef V2UITests.release.xcconfig */;
			buildSettings = {
				ALWAYS_EMBED_SWIFT_STANDARD_LIBRARIES = YES;
				CODE_SIGN_STYLE = Automatic;
				DEVELOPMENT_TEAM = 2Y6435C9H7;
				INFOPLIST_FILE = "Chef V2UITests/Info.plist";
				LD_RUNPATH_SEARCH_PATHS = (
					"$(inherited)",
					"@executable_path/Frameworks",
					"@loader_path/Frameworks",
				);
				PRODUCT_BUNDLE_IDENTIFIER = "com.luis.Chef-V2UITests";
				PRODUCT_NAME = "$(TARGET_NAME)";
				SWIFT_VERSION = 5.0;
				TARGETED_DEVICE_FAMILY = "1,2";
				TEST_TARGET_NAME = "Chef V2";
			};
			name = Release;
		};
/* End XCBuildConfiguration section */

/* Begin XCConfigurationList section */
		F6169106250A2D4300A1C244 /* Build configuration list for PBXProject "Chef V2" */ = {
			isa = XCConfigurationList;
			buildConfigurations = (
				F616912E250A2D4500A1C244 /* Debug */,
				F616912F250A2D4500A1C244 /* Release */,
			);
			defaultConfigurationIsVisible = 0;
			defaultConfigurationName = Release;
		};
		F6169130250A2D4500A1C244 /* Build configuration list for PBXNativeTarget "Chef V2" */ = {
			isa = XCConfigurationList;
			buildConfigurations = (
				F6169131250A2D4500A1C244 /* Debug */,
				F6169132250A2D4500A1C244 /* Release */,
			);
			defaultConfigurationIsVisible = 0;
			defaultConfigurationName = Release;
		};
		F6169133250A2D4500A1C244 /* Build configuration list for PBXNativeTarget "Chef V2Tests" */ = {
			isa = XCConfigurationList;
			buildConfigurations = (
				F6169134250A2D4500A1C244 /* Debug */,
				F6169135250A2D4500A1C244 /* Release */,
			);
			defaultConfigurationIsVisible = 0;
			defaultConfigurationName = Release;
		};
		F6169136250A2D4500A1C244 /* Build configuration list for PBXNativeTarget "Chef V2UITests" */ = {
			isa = XCConfigurationList;
			buildConfigurations = (
				F6169137250A2D4500A1C244 /* Debug */,
				F6169138250A2D4500A1C244 /* Release */,
			);
			defaultConfigurationIsVisible = 0;
			defaultConfigurationName = Release;
		};
/* End XCConfigurationList section */
	};
	rootObject = F6169103250A2D4300A1C244 /* Project object */;
}
